{
  "name": "learning-typescript",
  "version": "0.0.0",
  "lockfileVersion": 2,
  "requires": true,
  "packages": {
    "": {
      "name": "learning-typescript",
      "version": "0.0.0",
      "license": "UNLICENSED",
      "dependencies": {
        "@types/lodash.omit": "^4.5.7",
        "@types/lodash.pick": "^4.4.7",
        "@types/node": "^18.7.15",
        "lodash.omit": "^4.5.0",
        "lodash.pick": "^4.4.0",
        "typescript": "^4.7.4"
      }
    },
    "node_modules/@types/lodash": {
      "version": "4.14.185",
      "resolved": "https://registry.npmjs.org/@types/lodash/-/lodash-4.14.185.tgz",
      "integrity": "sha512-evMDG1bC4rgQg4ku9tKpuMh5iBNEwNa3tf9zRHdP1qlv+1WUg44xat4IxCE14gIpZRGUUWAx2VhItCZc25NfMA=="
    },
    "node_modules/@types/lodash.omit": {
      "version": "4.5.7",
      "resolved": "https://registry.npmjs.org/@types/lodash.omit/-/lodash.omit-4.5.7.tgz",
      "integrity": "sha512-6q6cNg0tQ6oTWjSM+BcYMBhan54P/gLqBldG4AuXd3nKr0oeVekWNS4VrNEu3BhCSDXtGapi7zjhnna0s03KpA==",
      "dependencies": {
        "@types/lodash": "*"
      }
    },
    "node_modules/@types/lodash.pick": {
      "version": "4.4.7",
      "resolved": "https://registry.npmjs.org/@types/lodash.pick/-/lodash.pick-4.4.7.tgz",
      "integrity": "sha512-HgdyKz7/1+oeoVzbpu1XiX/Bti9AUksHtOILH38T07aKvqoirzcdOsrO2+Yg3L51Hv/8m1MetvHZEUGeABiTiQ==",
      "dependencies": {
        "@types/lodash": "*"
      }
    },
    "node_modules/@types/node": {
      "version": "18.7.15",
      "resolved": "https://registry.npmjs.org/@types/node/-/node-18.7.15.tgz",
      "integrity": "sha512-XnjpaI8Bgc3eBag2Aw4t2Uj/49lLBSStHWfqKvIuXD7FIrZyMLWp8KuAFHAqxMZYTF9l08N1ctUn9YNybZJVmQ=="
    },
    "node_modules/lodash.omit": {
      "version": "4.5.0",
      "resolved": "https://registry.npmjs.org/lodash.omit/-/lodash.omit-4.5.0.tgz",
      "integrity": "sha512-XeqSp49hNGmlkj2EJlfrQFIzQ6lXdNro9sddtQzcJY8QaoC2GO0DT7xaIokHeyM+mIT0mPMlPvkYzg2xCuHdZg=="
    },
    "node_modules/lodash.pick": {
      "version": "4.4.0",
      "resolved": "https://registry.npmjs.org/lodash.pick/-/lodash.pick-4.4.0.tgz",
      "integrity": "sha512-hXt6Ul/5yWjfklSGvLQl8vM//l3FtyHZeuelpzK6mm99pNvN9yTDruNZPEJZD1oWrqo+izBmB7oUfWgcCX7s4Q=="
    },
    "node_modules/typescript": {
      "version": "4.7.4",
      "resolved": "https://registry.npmjs.org/typescript/-/typescript-4.7.4.tgz",
      "integrity": "sha512-C0WQT0gezHuw6AdY1M2jxUO83Rjf0HP7Sk1DtXj6j1EwkQNZrHAg2XPWlq62oqEhYvONq5pkC2Y9oPljWToLmQ==",
      "bin": {
        "tsc": "bin/tsc",
        "tsserver": "bin/tsserver"
      },
      "engines": {
        "node": ">=4.2.0"
      }
    }
  },
  "dependencies": {
    "@types/lodash": {
      "version": "4.14.185",
      "resolved": "https://registry.npmjs.org/@types/lodash/-/lodash-4.14.185.tgz",
      "integrity": "sha512-evMDG1bC4rgQg4ku9tKpuMh5iBNEwNa3tf9zRHdP1qlv+1WUg44xat4IxCE14gIpZRGUUWAx2VhItCZc25NfMA=="
    },
    "@types/lodash.omit": {
      "version": "4.5.7",
      "resolved": "https://registry.npmjs.org/@types/lodash.omit/-/lodash.omit-4.5.7.tgz",
      "integrity": "sha512-6q6cNg0tQ6oTWjSM+BcYMBhan54P/gLqBldG4AuXd3nKr0oeVekWNS4VrNEu3BhCSDXtGapi7zjhnna0s03KpA==",
      "requires": {
        "@types/lodash": "*"
      }
    },
    "@types/lodash.pick": {
      "version": "4.4.7",
      "resolved": "https://registry.npmjs.org/@types/lodash.pick/-/lodash.pick-4.4.7.tgz",
      "integrity": "sha512-HgdyKz7/1+oeoVzbpu1XiX/Bti9AUksHtOILH38T07aKvqoirzcdOsrO2+Yg3L51Hv/8m1MetvHZEUGeABiTiQ==",
      "requires": {
        "@types/lodash": "*"
      }
    },
    "@types/node": {
      "version": "18.7.15",
      "resolved": "https://registry.npmjs.org/@types/node/-/node-18.7.15.tgz",
      "integrity": "sha512-XnjpaI8Bgc3eBag2Aw4t2Uj/49lLBSStHWfqKvIuXD7FIrZyMLWp8KuAFHAqxMZYTF9l08N1ctUn9YNybZJVmQ=="
    },
    "lodash.omit": {
      "version": "4.5.0",
      "resolved": "https://registry.npmjs.org/lodash.omit/-/lodash.omit-4.5.0.tgz",
      "integrity": "sha512-XeqSp49hNGmlkj2EJlfrQFIzQ6lXdNro9sddtQzcJY8QaoC2GO0DT7xaIokHeyM+mIT0mPMlPvkYzg2xCuHdZg=="
    },
    "lodash.pick": {
      "version": "4.4.0",
      "resolved": "https://registry.npmjs.org/lodash.pick/-/lodash.pick-4.4.0.tgz",
      "integrity": "sha512-hXt6Ul/5yWjfklSGvLQl8vM//l3FtyHZeuelpzK6mm99pNvN9yTDruNZPEJZD1oWrqo+izBmB7oUfWgcCX7s4Q=="
    },
    "typescript": {
      "version": "4.7.4",
      "resolved": "https://registry.npmjs.org/typescript/-/typescript-4.7.4.tgz",
      "integrity": "sha512-C0WQT0gezHuw6AdY1M2jxUO83Rjf0HP7Sk1DtXj6j1EwkQNZrHAg2XPWlq62oqEhYvONq5pkC2Y9oPljWToLmQ=="
    }
  }
}
